
Microsoft Visual Studio Solution File, Format Version 12.00
# Visual Studio Version 17
VisualStudioVersion = 17.4.33205.214
MinimumVisualStudioVersion = 10.0.40219.1
Project("{FAE04EC0-301F-11D3-BF4B-00C04F79EFBC}") = "WebDictionary", "WebDictionary\WebDictionary.csproj", "{5DF12BDB-4F50-4021-8E5B-1C9371161CB3}"
EndProject
Global
	GlobalSection(SolutionConfigurationPlatforms) = preSolution
		Debug|Any CPU = Debug|Any CPU
		Release|Any CPU = Release|Any CPU
	EndGlobalSection
	GlobalSection(ProjectConfigurationPlatforms) = postSolution
		{5DF12BDB-4F50-4021-8E5B-1C9371161CB3}.Debug|Any CPU.ActiveCfg = Debug|Any CPU
		{5DF12BDB-4F50-4021-8E5B-1C9371161CB3}.Debug|Any CPU.Build.0 = Debug|Any CPU
		{5DF12BDB-4F50-4021-8E5B-1C9371161CB3}.Release|Any CPU.ActiveCfg = Release|Any CPU
		{5DF12BDB-4F50-4021-8E5B-1C9371161CB3}.Release|Any CPU.Build.0 = Release|Any CPU
	EndGlobalSection
	GlobalSection(SolutionProperties) = preSolution
		HideSolutionNode = FALSE
	EndGlobalSection
	GlobalSection(ExtensibilityGlobals) = postSolution
		SolutionGuid = {18C76D47-C6EF-49D6-8069-45EBB887F9F4}
	EndGlobalSection
EndGlobal
